
Microsoft Visual Studio Solution File, Format Version 12.00
# Visual Studio Version 17
VisualStudioVersion = 17.11.35327.3
MinimumVisualStudioVersion = 10.0.40219.1
Project("{9A19103F-16F7-4668-BE54-9A1E7A4F7556}") = "BookAPITutorijal3", "predavanje9\BookAPITutorijal3.csproj", "{9A2E7BC8-9C2E-4FA2-97FF-D37A90B93D16}"
EndProject
Global
	GlobalSection(SolutionConfigurationPlatforms) = preSolution
		Debug|Any CPU = Debug|Any CPU
		Release|Any CPU = Release|Any CPU
	EndGlobalSection
	GlobalSection(ProjectConfigurationPlatforms) = postSolution
		{9A2E7BC8-9C2E-4FA2-97FF-D37A90B93D16}.Debug|Any CPU.ActiveCfg = Debug|Any CPU
		{9A2E7BC8-9C2E-4FA2-97FF-D37A90B93D16}.Debug|Any CPU.Build.0 = Debug|Any CPU
		{9A2E7BC8-9C2E-4FA2-97FF-D37A90B93D16}.Release|Any CPU.ActiveCfg = Release|Any CPU
		{9A2E7BC8-9C2E-4FA2-97FF-D37A90B93D16}.Release|Any CPU.Build.0 = Release|Any CPU
	EndGlobalSection
	GlobalSection(SolutionProperties) = preSolution
		HideSolutionNode = FALSE
	EndGlobalSection
	GlobalSection(ExtensibilityGlobals) = postSolution
		SolutionGuid = {BFF58628-65F4-4DB9-ACFF-06711F6F6270}
	EndGlobalSection
EndGlobal
